
Microsoft Visual Studio Solution File, Format Version 12.00
# Visual Studio Version 16
VisualStudioVersion = 16.0.30114.105
MinimumVisualStudioVersion = 10.0.40219.1
Project("{9A19103F-16F7-4668-BE54-9A1E7A4F7556}") = "IdentityServerCenter", "F:\ChromeDownLoad\OpenIDConnect\OpenIDConnect\IdentityServerCenter\IdentityServerCenter.csproj", "{761E59F7-4A73-4856-8E8C-A9B2A5CEA0C6}"
EndProject
Project("{9A19103F-16F7-4668-BE54-9A1E7A4F7556}") = "ThreeClient", "F:\ChromeDownLoad\OpenIDConnect\OpenIDConnect\ThreeClient\ThreeClient.csproj", "{7225F28E-D0CC-41FE-904A-512F941C732A}"
EndProject
Project("{9A19103F-16F7-4668-BE54-9A1E7A4F7556}") = "Client2", "Client2\Client2.csproj", "{3B20BD5D-8A3F-468C-94A6-F61EE13C8629}"
EndProject
Project("{9A19103F-16F7-4668-BE54-9A1E7A4F7556}") = "Client3", "Client3\Client3.csproj", "{AEB94E18-09B7-4C81-B783-9977CECFC845}"
EndProject
Project("{FAE04EC0-301F-11D3-BF4B-00C04F79EFBC}") = "API", "API\API.csproj", "{2614D4F3-6A72-4BB5-8865-4FCD9B14EF72}"
EndProject
Global
	GlobalSection(SolutionConfigurationPlatforms) = preSolution
		Debug|Any CPU = Debug|Any CPU
		Release|Any CPU = Release|Any CPU
	EndGlobalSection
	GlobalSection(ProjectConfigurationPlatforms) = postSolution
		{761E59F7-4A73-4856-8E8C-A9B2A5CEA0C6}.Debug|Any CPU.ActiveCfg = Debug|Any CPU
		{761E59F7-4A73-4856-8E8C-A9B2A5CEA0C6}.Debug|Any CPU.Build.0 = Debug|Any CPU
		{761E59F7-4A73-4856-8E8C-A9B2A5CEA0C6}.Release|Any CPU.ActiveCfg = Release|Any CPU
		{761E59F7-4A73-4856-8E8C-A9B2A5CEA0C6}.Release|Any CPU.Build.0 = Release|Any CPU
		{7225F28E-D0CC-41FE-904A-512F941C732A}.Debug|Any CPU.ActiveCfg = Debug|Any CPU
		{7225F28E-D0CC-41FE-904A-512F941C732A}.Debug|Any CPU.Build.0 = Debug|Any CPU
		{7225F28E-D0CC-41FE-904A-512F941C732A}.Release|Any CPU.ActiveCfg = Release|Any CPU
		{7225F28E-D0CC-41FE-904A-512F941C732A}.Release|Any CPU.Build.0 = Release|Any CPU
		{3B20BD5D-8A3F-468C-94A6-F61EE13C8629}.Debug|Any CPU.ActiveCfg = Debug|Any CPU
		{3B20BD5D-8A3F-468C-94A6-F61EE13C8629}.Debug|Any CPU.Build.0 = Debug|Any CPU
		{3B20BD5D-8A3F-468C-94A6-F61EE13C8629}.Release|Any CPU.ActiveCfg = Release|Any CPU
		{3B20BD5D-8A3F-468C-94A6-F61EE13C8629}.Release|Any CPU.Build.0 = Release|Any CPU
		{AEB94E18-09B7-4C81-B783-9977CECFC845}.Debug|Any CPU.ActiveCfg = Debug|Any CPU
		{AEB94E18-09B7-4C81-B783-9977CECFC845}.Debug|Any CPU.Build.0 = Debug|Any CPU
		{AEB94E18-09B7-4C81-B783-9977CECFC845}.Release|Any CPU.ActiveCfg = Release|Any CPU
		{AEB94E18-09B7-4C81-B783-9977CECFC845}.Release|Any CPU.Build.0 = Release|Any CPU
		{2614D4F3-6A72-4BB5-8865-4FCD9B14EF72}.Debug|Any CPU.ActiveCfg = Debug|Any CPU
		{2614D4F3-6A72-4BB5-8865-4FCD9B14EF72}.Debug|Any CPU.Build.0 = Debug|Any CPU
		{2614D4F3-6A72-4BB5-8865-4FCD9B14EF72}.Release|Any CPU.ActiveCfg = Release|Any CPU
		{2614D4F3-6A72-4BB5-8865-4FCD9B14EF72}.Release|Any CPU.Build.0 = Release|Any CPU
	EndGlobalSection
	GlobalSection(SolutionProperties) = preSolution
		HideSolutionNode = FALSE
	EndGlobalSection
	GlobalSection(ExtensibilityGlobals) = postSolution
		SolutionGuid = {81985DA9-C2F8-41DF-91F6-2FD7F822F8BE}
	EndGlobalSection
EndGlobal
